
Microsoft Visual Studio Solution File, Format Version 12.00
# Visual Studio Version 16
VisualStudioVersion = 16.0.30717.126
MinimumVisualStudioVersion = 10.0.40219.1
Project("{2150E333-8FDC-42A3-9474-1A3956D46DE8}") = "UI", "UI", "{34FCC42B-7737-484D-9E6C-DDBBE026F4C6}"
EndProject
Project("{9A19103F-16F7-4668-BE54-9A1E7A4F7556}") = "SquidLeagueAdmin.UI", "SquidLeagueAdmin.UI\SquidLeagueAdmin.UI.csproj", "{9D3A5F96-A904-4DA8-BF2C-62D488AD48EE}"
EndProject
Project("{2150E333-8FDC-42A3-9474-1A3956D46DE8}") = "Models", "Models", "{996DB350-C7AE-4A88-A697-628024B4A2CE}"
EndProject
Project("{2150E333-8FDC-42A3-9474-1A3956D46DE8}") = "Utilities", "Utilities", "{70778A89-F788-4DCB-B5F9-3F4BE10CD704}"
EndProject
Project("{2150E333-8FDC-42A3-9474-1A3956D46DE8}") = "DAL", "DAL", "{27EC8ED4-5DC8-4519-A44D-136382D0CBF2}"
EndProject
Project("{9A19103F-16F7-4668-BE54-9A1E7A4F7556}") = "SquidLeagueAdmin.Database", "SquidLeagueAdmin.Database\SquidLeagueAdmin.Database.csproj", "{52F8AE7F-04CF-4B0A-94D6-397EEBD9B115}"
EndProject
Project("{9A19103F-16F7-4668-BE54-9A1E7A4F7556}") = "SquidLeagueAdmin.RepoFactory", "SquidLeagueAdmin.RepoFactory\SquidLeagueAdmin.RepoFactory.csproj", "{E1717D85-67DC-4E71-829B-747CCF439AE2}"
EndProject
Project("{9A19103F-16F7-4668-BE54-9A1E7A4F7556}") = "SquidLeagueAdmin.RepositoryInterface", "SquidLeagueAdmin.RepositoryInterface\SquidLeagueAdmin.RepositoryInterface.csproj", "{CF94A4A6-5F82-4264-87C1-86AE8D9A3048}"
EndProject
Project("{9A19103F-16F7-4668-BE54-9A1E7A4F7556}") = "SquidLeagueAdmin.CustomExceptions", "SquidLeagueAdmin.CustomExceptions\SquidLeagueAdmin.CustomExceptions.csproj", "{8D277B7F-74E2-4E49-81B2-6D2866AE6047}"
EndProject
Project("{9A19103F-16F7-4668-BE54-9A1E7A4F7556}") = "SquidLeagueAdmin.Models", "SquidLeagueAdmin.Models\SquidLeagueAdmin.Models.csproj", "{10C4A451-9939-440A-9985-0937C91EC5C8}"
EndProject
Project("{9A19103F-16F7-4668-BE54-9A1E7A4F7556}") = "SquidLeagueAdmin.JSON", "SquidLeagueAdmin.JSON\SquidLeagueAdmin.JSON.csproj", "{C6BD21E3-79A2-4B5F-A9ED-49E5954DED91}"
EndProject
Global
	GlobalSection(SolutionConfigurationPlatforms) = preSolution
		Debug|Any CPU = Debug|Any CPU
		Release|Any CPU = Release|Any CPU
	EndGlobalSection
	GlobalSection(ProjectConfigurationPlatforms) = postSolution
		{9D3A5F96-A904-4DA8-BF2C-62D488AD48EE}.Debug|Any CPU.ActiveCfg = Debug|Any CPU
		{9D3A5F96-A904-4DA8-BF2C-62D488AD48EE}.Debug|Any CPU.Build.0 = Debug|Any CPU
		{9D3A5F96-A904-4DA8-BF2C-62D488AD48EE}.Release|Any CPU.ActiveCfg = Release|Any CPU
		{9D3A5F96-A904-4DA8-BF2C-62D488AD48EE}.Release|Any CPU.Build.0 = Release|Any CPU
		{52F8AE7F-04CF-4B0A-94D6-397EEBD9B115}.Debug|Any CPU.ActiveCfg = Debug|Any CPU
		{52F8AE7F-04CF-4B0A-94D6-397EEBD9B115}.Debug|Any CPU.Build.0 = Debug|Any CPU
		{52F8AE7F-04CF-4B0A-94D6-397EEBD9B115}.Release|Any CPU.ActiveCfg = Release|Any CPU
		{52F8AE7F-04CF-4B0A-94D6-397EEBD9B115}.Release|Any CPU.Build.0 = Release|Any CPU
		{E1717D85-67DC-4E71-829B-747CCF439AE2}.Debug|Any CPU.ActiveCfg = Debug|Any CPU
		{E1717D85-67DC-4E71-829B-747CCF439AE2}.Debug|Any CPU.Build.0 = Debug|Any CPU
		{E1717D85-67DC-4E71-829B-747CCF439AE2}.Release|Any CPU.ActiveCfg = Release|Any CPU
		{E1717D85-67DC-4E71-829B-747CCF439AE2}.Release|Any CPU.Build.0 = Release|Any CPU
		{CF94A4A6-5F82-4264-87C1-86AE8D9A3048}.Debug|Any CPU.ActiveCfg = Debug|Any CPU
		{CF94A4A6-5F82-4264-87C1-86AE8D9A3048}.Debug|Any CPU.Build.0 = Debug|Any CPU
		{CF94A4A6-5F82-4264-87C1-86AE8D9A3048}.Release|Any CPU.ActiveCfg = Release|Any CPU
		{CF94A4A6-5F82-4264-87C1-86AE8D9A3048}.Release|Any CPU.Build.0 = Release|Any CPU
		{8D277B7F-74E2-4E49-81B2-6D2866AE6047}.Debug|Any CPU.ActiveCfg = Debug|Any CPU
		{8D277B7F-74E2-4E49-81B2-6D2866AE6047}.Debug|Any CPU.Build.0 = Debug|Any CPU
		{8D277B7F-74E2-4E49-81B2-6D2866AE6047}.Release|Any CPU.ActiveCfg = Release|Any CPU
		{8D277B7F-74E2-4E49-81B2-6D2866AE6047}.Release|Any CPU.Build.0 = Release|Any CPU
		{10C4A451-9939-440A-9985-0937C91EC5C8}.Debug|Any CPU.ActiveCfg = Debug|Any CPU
		{10C4A451-9939-440A-9985-0937C91EC5C8}.Debug|Any CPU.Build.0 = Debug|Any CPU
		{10C4A451-9939-440A-9985-0937C91EC5C8}.Release|Any CPU.ActiveCfg = Release|Any CPU
		{10C4A451-9939-440A-9985-0937C91EC5C8}.Release|Any CPU.Build.0 = Release|Any CPU
		{C6BD21E3-79A2-4B5F-A9ED-49E5954DED91}.Debug|Any CPU.ActiveCfg = Debug|Any CPU
		{C6BD21E3-79A2-4B5F-A9ED-49E5954DED91}.Debug|Any CPU.Build.0 = Debug|Any CPU
		{C6BD21E3-79A2-4B5F-A9ED-49E5954DED91}.Release|Any CPU.ActiveCfg = Release|Any CPU
		{C6BD21E3-79A2-4B5F-A9ED-49E5954DED91}.Release|Any CPU.Build.0 = Release|Any CPU
	EndGlobalSection
	GlobalSection(SolutionProperties) = preSolution
		HideSolutionNode = FALSE
	EndGlobalSection
	GlobalSection(NestedProjects) = preSolution
		{9D3A5F96-A904-4DA8-BF2C-62D488AD48EE} = {34FCC42B-7737-484D-9E6C-DDBBE026F4C6}
		{52F8AE7F-04CF-4B0A-94D6-397EEBD9B115} = {27EC8ED4-5DC8-4519-A44D-136382D0CBF2}
		{E1717D85-67DC-4E71-829B-747CCF439AE2} = {27EC8ED4-5DC8-4519-A44D-136382D0CBF2}
		{CF94A4A6-5F82-4264-87C1-86AE8D9A3048} = {27EC8ED4-5DC8-4519-A44D-136382D0CBF2}
		{8D277B7F-74E2-4E49-81B2-6D2866AE6047} = {70778A89-F788-4DCB-B5F9-3F4BE10CD704}
		{10C4A451-9939-440A-9985-0937C91EC5C8} = {996DB350-C7AE-4A88-A697-628024B4A2CE}
		{C6BD21E3-79A2-4B5F-A9ED-49E5954DED91} = {27EC8ED4-5DC8-4519-A44D-136382D0CBF2}
	EndGlobalSection
	GlobalSection(ExtensibilityGlobals) = postSolution
		SolutionGuid = {F32B7921-9EA2-48F8-B39E-6C71489F3B84}
	EndGlobalSection
EndGlobal
