
Microsoft Visual Studio Solution File, Format Version 12.00
# Visual Studio Version 16
VisualStudioVersion = 16.0.30611.23
MinimumVisualStudioVersion = 10.0.40219.1
Project("{9A19103F-16F7-4668-BE54-9A1E7A4F7556}") = "SquidLeagueWebsite.UI", "SquidLeagueWebsite.UI\SquidLeagueWebsite.UI.csproj", "{9FFEBFD8-474B-452D-91C4-E593AE4571F5}"
EndProject
Project("{9A19103F-16F7-4668-BE54-9A1E7A4F7556}") = "SquidLeagueWebsite.Models", "SquidLeagueWebsite.Models\SquidLeagueWebsite.Models.csproj", "{4D3B9F3E-A720-4248-AFDB-1A770FB82519}"
EndProject
Project("{9A19103F-16F7-4668-BE54-9A1E7A4F7556}") = "SquidLeagueWebsite.RepoFactory", "SquidLeagueWebsite.RepoFactory\SquidLeagueWebsite.RepoFactory.csproj", "{2FB8C86B-0FBA-44DD-8FC7-63B33D5D8FD5}"
EndProject
Project("{9A19103F-16F7-4668-BE54-9A1E7A4F7556}") = "SquidLeagueWebsite.RepositoryInterface", "SquidLeagueWebsite.RepositoryInterface\SquidLeagueWebsite.RepositoryInterface.csproj", "{73BDA6BD-0179-4009-BA17-DC5F7330D2D9}"
EndProject
Project("{9A19103F-16F7-4668-BE54-9A1E7A4F7556}") = "SquidLeagueWebsite.ApiRepository", "SquidLeagueWebsite.ApiRepository\SquidLeagueWebsite.ApiRepository.csproj", "{9ABB95D8-9B5C-4BA2-8FE9-F65146EC77B8}"
EndProject
Project("{9A19103F-16F7-4668-BE54-9A1E7A4F7556}") = "SquidLeagueWebsite.CustomExceptions", "SquidLeagueWebsite.CustomExceptions\SquidLeagueWebsite.CustomExceptions.csproj", "{4F4CE38D-54C4-4359-B1C8-E70A7C8F1EA8}"
EndProject
Global
	GlobalSection(SolutionConfigurationPlatforms) = preSolution
		Debug|Any CPU = Debug|Any CPU
		Release|Any CPU = Release|Any CPU
	EndGlobalSection
	GlobalSection(ProjectConfigurationPlatforms) = postSolution
		{9FFEBFD8-474B-452D-91C4-E593AE4571F5}.Debug|Any CPU.ActiveCfg = Debug|Any CPU
		{9FFEBFD8-474B-452D-91C4-E593AE4571F5}.Debug|Any CPU.Build.0 = Debug|Any CPU
		{9FFEBFD8-474B-452D-91C4-E593AE4571F5}.Release|Any CPU.ActiveCfg = Release|Any CPU
		{9FFEBFD8-474B-452D-91C4-E593AE4571F5}.Release|Any CPU.Build.0 = Release|Any CPU
		{4D3B9F3E-A720-4248-AFDB-1A770FB82519}.Debug|Any CPU.ActiveCfg = Debug|Any CPU
		{4D3B9F3E-A720-4248-AFDB-1A770FB82519}.Debug|Any CPU.Build.0 = Debug|Any CPU
		{4D3B9F3E-A720-4248-AFDB-1A770FB82519}.Release|Any CPU.ActiveCfg = Release|Any CPU
		{4D3B9F3E-A720-4248-AFDB-1A770FB82519}.Release|Any CPU.Build.0 = Release|Any CPU
		{2FB8C86B-0FBA-44DD-8FC7-63B33D5D8FD5}.Debug|Any CPU.ActiveCfg = Debug|Any CPU
		{2FB8C86B-0FBA-44DD-8FC7-63B33D5D8FD5}.Debug|Any CPU.Build.0 = Debug|Any CPU
		{2FB8C86B-0FBA-44DD-8FC7-63B33D5D8FD5}.Release|Any CPU.ActiveCfg = Release|Any CPU
		{2FB8C86B-0FBA-44DD-8FC7-63B33D5D8FD5}.Release|Any CPU.Build.0 = Release|Any CPU
		{73BDA6BD-0179-4009-BA17-DC5F7330D2D9}.Debug|Any CPU.ActiveCfg = Debug|Any CPU
		{73BDA6BD-0179-4009-BA17-DC5F7330D2D9}.Debug|Any CPU.Build.0 = Debug|Any CPU
		{73BDA6BD-0179-4009-BA17-DC5F7330D2D9}.Release|Any CPU.ActiveCfg = Release|Any CPU
		{73BDA6BD-0179-4009-BA17-DC5F7330D2D9}.Release|Any CPU.Build.0 = Release|Any CPU
		{9ABB95D8-9B5C-4BA2-8FE9-F65146EC77B8}.Debug|Any CPU.ActiveCfg = Debug|Any CPU
		{9ABB95D8-9B5C-4BA2-8FE9-F65146EC77B8}.Debug|Any CPU.Build.0 = Debug|Any CPU
		{9ABB95D8-9B5C-4BA2-8FE9-F65146EC77B8}.Release|Any CPU.ActiveCfg = Release|Any CPU
		{9ABB95D8-9B5C-4BA2-8FE9-F65146EC77B8}.Release|Any CPU.Build.0 = Release|Any CPU
		{4F4CE38D-54C4-4359-B1C8-E70A7C8F1EA8}.Debug|Any CPU.ActiveCfg = Debug|Any CPU
		{4F4CE38D-54C4-4359-B1C8-E70A7C8F1EA8}.Debug|Any CPU.Build.0 = Debug|Any CPU
		{4F4CE38D-54C4-4359-B1C8-E70A7C8F1EA8}.Release|Any CPU.ActiveCfg = Release|Any CPU
		{4F4CE38D-54C4-4359-B1C8-E70A7C8F1EA8}.Release|Any CPU.Build.0 = Release|Any CPU
	EndGlobalSection
	GlobalSection(SolutionProperties) = preSolution
		HideSolutionNode = FALSE
	EndGlobalSection
	GlobalSection(ExtensibilityGlobals) = postSolution
		SolutionGuid = {DD640DEB-3368-4D38-8A08-8F6CEF5EA8DD}
	EndGlobalSection
EndGlobal
