
Microsoft Visual Studio Solution File, Format Version 12.00
# Visual Studio Version 16
VisualStudioVersion = 16.0.30611.23
MinimumVisualStudioVersion = 10.0.40219.1
Project("{2150E333-8FDC-42A3-9474-1A3956D46DE8}") = "API", "API", "{2E99EFEF-E3DB-48E3-A4FD-0BE04F1E068D}"
EndProject
Project("{2150E333-8FDC-42A3-9474-1A3956D46DE8}") = "DAL", "DAL", "{CD36DB35-B021-47BB-96A8-41965F0577CF}"
EndProject
Project("{2150E333-8FDC-42A3-9474-1A3956D46DE8}") = "Utilities", "Utilities", "{6806DB42-C861-461D-A832-CA26F65167DD}"
EndProject
Project("{2150E333-8FDC-42A3-9474-1A3956D46DE8}") = "BLL", "BLL", "{75079823-1B68-4355-AF33-08E59EAF455D}"
EndProject
Project("{9A19103F-16F7-4668-BE54-9A1E7A4F7556}") = "CubedApi.Utilities", "CubedApi.Utilities\CubedApi.Utilities.csproj", "{934A2E2D-26D0-4D54-86CB-149E5606A0DE}"
EndProject
Project("{9A19103F-16F7-4668-BE54-9A1E7A4F7556}") = "CubedApi.RepositoryInterface", "CubedApi.RepositoryInterface\CubedApi.RepositoryInterface.csproj", "{7E99127C-BBD5-4A25-9C4F-F6E156C294C3}"
EndProject
Project("{9A19103F-16F7-4668-BE54-9A1E7A4F7556}") = "CubedApi.Database", "CubedApi.Database\CubedApi.Database.csproj", "{7B2EAF45-6BBB-4B33-AA29-DC3EC59FAFE2}"
EndProject
Project("{2150E333-8FDC-42A3-9474-1A3956D46DE8}") = "Models", "Models", "{42A7E016-6622-49E5-BA91-89521D551E70}"
EndProject
Project("{9A19103F-16F7-4668-BE54-9A1E7A4F7556}") = "CubedApi.Models", "CubedApi.Models\CubedApi.Models.csproj", "{A5205D7C-76E9-41DA-8B4F-5D4EA5BFFE66}"
EndProject
Project("{9A19103F-16F7-4668-BE54-9A1E7A4F7556}") = "CubedApi.DatabaseInterface", "CubedApi.DatabaseInterface\CubedApi.DatabaseInterface.csproj", "{E51EBF92-A45A-4E61-B088-66241C5FC019}"
EndProject
Project("{9A19103F-16F7-4668-BE54-9A1E7A4F7556}") = "CubedApi.Api", "CubedApi.Api\CubedApi.Api.csproj", "{6924C75E-953E-4EA3-B515-F568BD8C09F9}"
EndProject
Project("{9A19103F-16F7-4668-BE54-9A1E7A4F7556}") = "CubedApi.BLL", "CubedApi.BLL\CubedApi.BLL.csproj", "{D6959797-8D68-4CD5-B482-DEEA4489726E}"
EndProject
Project("{9A19103F-16F7-4668-BE54-9A1E7A4F7556}") = "CubedApi.CustomExceptions", "CubedApi.CustomExceptions\CubedApi.CustomExceptions.csproj", "{B1A39ADF-9E02-4904-B514-C760E9DE7991}"
EndProject
Project("{FAE04EC0-301F-11D3-BF4B-00C04F79EFBC}") = "CubedApi.RepoFactory", "CubedApi.RepoFactory\CubedApi.RepoFactory.csproj", "{35DCD3B0-7539-4C4A-8EE9-6533662196BF}"
EndProject
Global
	GlobalSection(SolutionConfigurationPlatforms) = preSolution
		Debug|Any CPU = Debug|Any CPU
		Release|Any CPU = Release|Any CPU
	EndGlobalSection
	GlobalSection(ProjectConfigurationPlatforms) = postSolution
		{934A2E2D-26D0-4D54-86CB-149E5606A0DE}.Debug|Any CPU.ActiveCfg = Debug|Any CPU
		{934A2E2D-26D0-4D54-86CB-149E5606A0DE}.Debug|Any CPU.Build.0 = Debug|Any CPU
		{934A2E2D-26D0-4D54-86CB-149E5606A0DE}.Release|Any CPU.ActiveCfg = Release|Any CPU
		{934A2E2D-26D0-4D54-86CB-149E5606A0DE}.Release|Any CPU.Build.0 = Release|Any CPU
		{7E99127C-BBD5-4A25-9C4F-F6E156C294C3}.Debug|Any CPU.ActiveCfg = Debug|Any CPU
		{7E99127C-BBD5-4A25-9C4F-F6E156C294C3}.Debug|Any CPU.Build.0 = Debug|Any CPU
		{7E99127C-BBD5-4A25-9C4F-F6E156C294C3}.Release|Any CPU.ActiveCfg = Release|Any CPU
		{7E99127C-BBD5-4A25-9C4F-F6E156C294C3}.Release|Any CPU.Build.0 = Release|Any CPU
		{7B2EAF45-6BBB-4B33-AA29-DC3EC59FAFE2}.Debug|Any CPU.ActiveCfg = Debug|Any CPU
		{7B2EAF45-6BBB-4B33-AA29-DC3EC59FAFE2}.Debug|Any CPU.Build.0 = Debug|Any CPU
		{7B2EAF45-6BBB-4B33-AA29-DC3EC59FAFE2}.Release|Any CPU.ActiveCfg = Release|Any CPU
		{7B2EAF45-6BBB-4B33-AA29-DC3EC59FAFE2}.Release|Any CPU.Build.0 = Release|Any CPU
		{A5205D7C-76E9-41DA-8B4F-5D4EA5BFFE66}.Debug|Any CPU.ActiveCfg = Debug|Any CPU
		{A5205D7C-76E9-41DA-8B4F-5D4EA5BFFE66}.Debug|Any CPU.Build.0 = Debug|Any CPU
		{A5205D7C-76E9-41DA-8B4F-5D4EA5BFFE66}.Release|Any CPU.ActiveCfg = Release|Any CPU
		{A5205D7C-76E9-41DA-8B4F-5D4EA5BFFE66}.Release|Any CPU.Build.0 = Release|Any CPU
		{E51EBF92-A45A-4E61-B088-66241C5FC019}.Debug|Any CPU.ActiveCfg = Debug|Any CPU
		{E51EBF92-A45A-4E61-B088-66241C5FC019}.Debug|Any CPU.Build.0 = Debug|Any CPU
		{E51EBF92-A45A-4E61-B088-66241C5FC019}.Release|Any CPU.ActiveCfg = Release|Any CPU
		{E51EBF92-A45A-4E61-B088-66241C5FC019}.Release|Any CPU.Build.0 = Release|Any CPU
		{6924C75E-953E-4EA3-B515-F568BD8C09F9}.Debug|Any CPU.ActiveCfg = Debug|Any CPU
		{6924C75E-953E-4EA3-B515-F568BD8C09F9}.Debug|Any CPU.Build.0 = Debug|Any CPU
		{6924C75E-953E-4EA3-B515-F568BD8C09F9}.Release|Any CPU.ActiveCfg = Release|Any CPU
		{6924C75E-953E-4EA3-B515-F568BD8C09F9}.Release|Any CPU.Build.0 = Release|Any CPU
		{D6959797-8D68-4CD5-B482-DEEA4489726E}.Debug|Any CPU.ActiveCfg = Debug|Any CPU
		{D6959797-8D68-4CD5-B482-DEEA4489726E}.Debug|Any CPU.Build.0 = Debug|Any CPU
		{D6959797-8D68-4CD5-B482-DEEA4489726E}.Release|Any CPU.ActiveCfg = Release|Any CPU
		{D6959797-8D68-4CD5-B482-DEEA4489726E}.Release|Any CPU.Build.0 = Release|Any CPU
		{B1A39ADF-9E02-4904-B514-C760E9DE7991}.Debug|Any CPU.ActiveCfg = Debug|Any CPU
		{B1A39ADF-9E02-4904-B514-C760E9DE7991}.Debug|Any CPU.Build.0 = Debug|Any CPU
		{B1A39ADF-9E02-4904-B514-C760E9DE7991}.Release|Any CPU.ActiveCfg = Release|Any CPU
		{B1A39ADF-9E02-4904-B514-C760E9DE7991}.Release|Any CPU.Build.0 = Release|Any CPU
		{35DCD3B0-7539-4C4A-8EE9-6533662196BF}.Debug|Any CPU.ActiveCfg = Debug|Any CPU
		{35DCD3B0-7539-4C4A-8EE9-6533662196BF}.Debug|Any CPU.Build.0 = Debug|Any CPU
		{35DCD3B0-7539-4C4A-8EE9-6533662196BF}.Release|Any CPU.ActiveCfg = Release|Any CPU
		{35DCD3B0-7539-4C4A-8EE9-6533662196BF}.Release|Any CPU.Build.0 = Release|Any CPU
	EndGlobalSection
	GlobalSection(SolutionProperties) = preSolution
		HideSolutionNode = FALSE
	EndGlobalSection
	GlobalSection(NestedProjects) = preSolution
		{934A2E2D-26D0-4D54-86CB-149E5606A0DE} = {6806DB42-C861-461D-A832-CA26F65167DD}
		{7E99127C-BBD5-4A25-9C4F-F6E156C294C3} = {CD36DB35-B021-47BB-96A8-41965F0577CF}
		{7B2EAF45-6BBB-4B33-AA29-DC3EC59FAFE2} = {CD36DB35-B021-47BB-96A8-41965F0577CF}
		{A5205D7C-76E9-41DA-8B4F-5D4EA5BFFE66} = {42A7E016-6622-49E5-BA91-89521D551E70}
		{E51EBF92-A45A-4E61-B088-66241C5FC019} = {CD36DB35-B021-47BB-96A8-41965F0577CF}
		{6924C75E-953E-4EA3-B515-F568BD8C09F9} = {2E99EFEF-E3DB-48E3-A4FD-0BE04F1E068D}
		{D6959797-8D68-4CD5-B482-DEEA4489726E} = {75079823-1B68-4355-AF33-08E59EAF455D}
		{B1A39ADF-9E02-4904-B514-C760E9DE7991} = {6806DB42-C861-461D-A832-CA26F65167DD}
		{35DCD3B0-7539-4C4A-8EE9-6533662196BF} = {CD36DB35-B021-47BB-96A8-41965F0577CF}
	EndGlobalSection
	GlobalSection(ExtensibilityGlobals) = postSolution
		SolutionGuid = {435FAF01-F2AA-46FA-B8A5-BA6FD2A9A2D6}
	EndGlobalSection
EndGlobal
